# This file is automatically @generated by Cargo.
# It is not intended for manual editing.
version = 3

[[package]]
name = "clipbox"
version = "0.1.0"
dependencies = [
 "loki-linux",
]

[[package]]
name = "loki-linux"
version = "0.1.0"
source = "git+https://github.com/loki-chat/lokinit.git?rev=b34557e#b34557eb1f7fd183b9740d3995d621e47e955868"
